
Microsoft Visual Studio Solution File, Format Version 12.00
# Visual Studio Version 17
VisualStudioVersion = 17.5.002.0
MinimumVisualStudioVersion = 10.0.40219.1
Project("{9A19103F-16F7-4668-BE54-9A1E7A4F7556}") = "PatientDataAPI", "PatientDataAPI\PatientDataAPI.csproj", "{A5FDB2BC-8083-4FE2-B907-4C198D8F38C2}"
EndProject
Project("{9A19103F-16F7-4668-BE54-9A1E7A4F7556}") = "PatientDataReceiverAPI", "PatientDataReceiverAPI\PatientDataReceiverAPI.csproj", "{4384D2C1-1FE4-40D8-A7A4-EA7ACFC05B65}"
EndProject
Global
	GlobalSection(SolutionConfigurationPlatforms) = preSolution
		Debug|Any CPU = Debug|Any CPU
		Release|Any CPU = Release|Any CPU
	EndGlobalSection
	GlobalSection(ProjectConfigurationPlatforms) = postSolution
		{A5FDB2BC-8083-4FE2-B907-4C198D8F38C2}.Debug|Any CPU.ActiveCfg = Debug|Any CPU
		{A5FDB2BC-8083-4FE2-B907-4C198D8F38C2}.Debug|Any CPU.Build.0 = Debug|Any CPU
		{A5FDB2BC-8083-4FE2-B907-4C198D8F38C2}.Release|Any CPU.ActiveCfg = Release|Any CPU
		{A5FDB2BC-8083-4FE2-B907-4C198D8F38C2}.Release|Any CPU.Build.0 = Release|Any CPU
		{4384D2C1-1FE4-40D8-A7A4-EA7ACFC05B65}.Debug|Any CPU.ActiveCfg = Debug|Any CPU
		{4384D2C1-1FE4-40D8-A7A4-EA7ACFC05B65}.Debug|Any CPU.Build.0 = Debug|Any CPU
		{4384D2C1-1FE4-40D8-A7A4-EA7ACFC05B65}.Release|Any CPU.ActiveCfg = Release|Any CPU
		{4384D2C1-1FE4-40D8-A7A4-EA7ACFC05B65}.Release|Any CPU.Build.0 = Release|Any CPU
	EndGlobalSection
	GlobalSection(SolutionProperties) = preSolution
		HideSolutionNode = FALSE
	EndGlobalSection
	GlobalSection(ExtensibilityGlobals) = postSolution
		SolutionGuid = {7825E5E0-A456-4930-97E9-FD56EB94FEAF}
	EndGlobalSection
EndGlobal
